
Microsoft Visual Studio Solution File, Format Version 12.00
# Visual Studio Version 17
VisualStudioVersion = 17.0.31903.59
MinimumVisualStudioVersion = 10.0.40219.1
Project("{2150E333-8FDC-42A3-9474-1A3956D46DE8}") = "src", "src", "{827E0CD3-B72D-47B6-A68D-7590B98EB39B}"
EndProject
Project("{2150E333-8FDC-42A3-9474-1A3956D46DE8}") = "Services", "Services", "{984BB9B3-3FA3-BE33-9484-CAC21695A33C}"
EndProject
Project("{2150E333-8FDC-42A3-9474-1A3956D46DE8}") = "Identity", "Identity", "{1BFC9479-12BF-35C3-06B8-42D89D95092B}"
EndProject
Project("{FAE04EC0-301F-11D3-BF4B-00C04F79EFBC}") = "RestaurantGroup.Identity.Domain", "src\Services\Identity\RestaurantGroup.Identity.Domain\RestaurantGroup.Identity.Domain.csproj", "{A058E567-BD35-4FE4-B7D9-EE8420AE7F17}"
EndProject
Project("{FAE04EC0-301F-11D3-BF4B-00C04F79EFBC}") = "RestaurantGroup.Identity.Infrastructure", "src\Services\Identity\RestaurantGroup.Identity.Infrastructure\RestaurantGroup.Identity.Infrastructure.csproj", "{4D3662DB-A3FE-4662-A6B8-2936476E16C8}"
EndProject
Project("{FAE04EC0-301F-11D3-BF4B-00C04F79EFBC}") = "RestaurantGroup.Identity.Application", "src\Services\Identity\RestaurantGroup.Identity.Application\RestaurantGroup.Identity.Application.csproj", "{8C6D1465-9584-4735-B57B-EFCD603D41E6}"
EndProject
Project("{FAE04EC0-301F-11D3-BF4B-00C04F79EFBC}") = "RestaurantGroup.Identity.API", "src\Services\Identity\RestaurantGroup.Identity.API\RestaurantGroup.Identity.API.csproj", "{CC74CECF-C3EE-43CA-BC95-6D70A248DA06}"
EndProject
Project("{2150E333-8FDC-42A3-9474-1A3956D46DE8}") = "WebApps", "WebApps", "{613E942C-7C9C-5766-673B-EDDCEA89CDF9}"
EndProject
Project("{FAE04EC0-301F-11D3-BF4B-00C04F79EFBC}") = "RestaurantGroup.Blazor", "src\WebApps\RestaurantGroup.Blazor\RestaurantGroup.Blazor.csproj", "{F87CE9AD-907E-4BAC-9024-664F2CF2E1A8}"
EndProject
Project("{2150E333-8FDC-42A3-9474-1A3956D46DE8}") = "tests", "tests", "{0AB3BF05-4346-4AA6-1389-037BE0695223}"
EndProject
Project("{2150E333-8FDC-42A3-9474-1A3956D46DE8}") = "Services", "Services", "{4353066B-F410-E540-F593-55E469B78A5F}"
EndProject
Project("{2150E333-8FDC-42A3-9474-1A3956D46DE8}") = "Identity", "Identity", "{66BB64B5-78AA-A264-1B79-3FC42D2485EB}"
EndProject
Project("{FAE04EC0-301F-11D3-BF4B-00C04F79EFBC}") = "RestaurantGroup.Identity.UnitTests", "tests\Services\Identity\RestaurantGroup.Identity.UnitTests\RestaurantGroup.Identity.UnitTests.csproj", "{5090CA53-2DB7-4AA8-8544-E1EAA53B61D1}"
EndProject
Project("{FAE04EC0-301F-11D3-BF4B-00C04F79EFBC}") = "RestaurantGroup.Identity.IntegrationTests", "tests\Services\Identity\RestaurantGroup.Identity.IntegrationTests\RestaurantGroup.Identity.IntegrationTests.csproj", "{B2C73FE6-A96D-46BD-A870-C079D6477FA8}"
EndProject
Global
	GlobalSection(SolutionConfigurationPlatforms) = preSolution
		Debug|Any CPU = Debug|Any CPU
		Debug|x64 = Debug|x64
		Debug|x86 = Debug|x86
		Release|Any CPU = Release|Any CPU
		Release|x64 = Release|x64
		Release|x86 = Release|x86
	EndGlobalSection
	GlobalSection(ProjectConfigurationPlatforms) = postSolution
		{A058E567-BD35-4FE4-B7D9-EE8420AE7F17}.Debug|Any CPU.ActiveCfg = Debug|Any CPU
		{A058E567-BD35-4FE4-B7D9-EE8420AE7F17}.Debug|Any CPU.Build.0 = Debug|Any CPU
		{A058E567-BD35-4FE4-B7D9-EE8420AE7F17}.Debug|x64.ActiveCfg = Debug|Any CPU
		{A058E567-BD35-4FE4-B7D9-EE8420AE7F17}.Debug|x64.Build.0 = Debug|Any CPU
		{A058E567-BD35-4FE4-B7D9-EE8420AE7F17}.Debug|x86.ActiveCfg = Debug|Any CPU
		{A058E567-BD35-4FE4-B7D9-EE8420AE7F17}.Debug|x86.Build.0 = Debug|Any CPU
		{A058E567-BD35-4FE4-B7D9-EE8420AE7F17}.Release|Any CPU.ActiveCfg = Release|Any CPU
		{A058E567-BD35-4FE4-B7D9-EE8420AE7F17}.Release|Any CPU.Build.0 = Release|Any CPU
		{A058E567-BD35-4FE4-B7D9-EE8420AE7F17}.Release|x64.ActiveCfg = Release|Any CPU
		{A058E567-BD35-4FE4-B7D9-EE8420AE7F17}.Release|x64.Build.0 = Release|Any CPU
		{A058E567-BD35-4FE4-B7D9-EE8420AE7F17}.Release|x86.ActiveCfg = Release|Any CPU
		{A058E567-BD35-4FE4-B7D9-EE8420AE7F17}.Release|x86.Build.0 = Release|Any CPU
		{4D3662DB-A3FE-4662-A6B8-2936476E16C8}.Debug|Any CPU.ActiveCfg = Debug|Any CPU
		{4D3662DB-A3FE-4662-A6B8-2936476E16C8}.Debug|Any CPU.Build.0 = Debug|Any CPU
		{4D3662DB-A3FE-4662-A6B8-2936476E16C8}.Debug|x64.ActiveCfg = Debug|Any CPU
		{4D3662DB-A3FE-4662-A6B8-2936476E16C8}.Debug|x64.Build.0 = Debug|Any CPU
		{4D3662DB-A3FE-4662-A6B8-2936476E16C8}.Debug|x86.ActiveCfg = Debug|Any CPU
		{4D3662DB-A3FE-4662-A6B8-2936476E16C8}.Debug|x86.Build.0 = Debug|Any CPU
		{4D3662DB-A3FE-4662-A6B8-2936476E16C8}.Release|Any CPU.ActiveCfg = Release|Any CPU
		{4D3662DB-A3FE-4662-A6B8-2936476E16C8}.Release|Any CPU.Build.0 = Release|Any CPU
		{4D3662DB-A3FE-4662-A6B8-2936476E16C8}.Release|x64.ActiveCfg = Release|Any CPU
		{4D3662DB-A3FE-4662-A6B8-2936476E16C8}.Release|x64.Build.0 = Release|Any CPU
		{4D3662DB-A3FE-4662-A6B8-2936476E16C8}.Release|x86.ActiveCfg = Release|Any CPU
		{4D3662DB-A3FE-4662-A6B8-2936476E16C8}.Release|x86.Build.0 = Release|Any CPU
		{8C6D1465-9584-4735-B57B-EFCD603D41E6}.Debug|Any CPU.ActiveCfg = Debug|Any CPU
		{8C6D1465-9584-4735-B57B-EFCD603D41E6}.Debug|Any CPU.Build.0 = Debug|Any CPU
		{8C6D1465-9584-4735-B57B-EFCD603D41E6}.Debug|x64.ActiveCfg = Debug|Any CPU
		{8C6D1465-9584-4735-B57B-EFCD603D41E6}.Debug|x64.Build.0 = Debug|Any CPU
		{8C6D1465-9584-4735-B57B-EFCD603D41E6}.Debug|x86.ActiveCfg = Debug|Any CPU
		{8C6D1465-9584-4735-B57B-EFCD603D41E6}.Debug|x86.Build.0 = Debug|Any CPU
		{8C6D1465-9584-4735-B57B-EFCD603D41E6}.Release|Any CPU.ActiveCfg = Release|Any CPU
		{8C6D1465-9584-4735-B57B-EFCD603D41E6}.Release|Any CPU.Build.0 = Release|Any CPU
		{8C6D1465-9584-4735-B57B-EFCD603D41E6}.Release|x64.ActiveCfg = Release|Any CPU
		{8C6D1465-9584-4735-B57B-EFCD603D41E6}.Release|x64.Build.0 = Release|Any CPU
		{8C6D1465-9584-4735-B57B-EFCD603D41E6}.Release|x86.ActiveCfg = Release|Any CPU
		{8C6D1465-9584-4735-B57B-EFCD603D41E6}.Release|x86.Build.0 = Release|Any CPU
		{CC74CECF-C3EE-43CA-BC95-6D70A248DA06}.Debug|Any CPU.ActiveCfg = Debug|Any CPU
		{CC74CECF-C3EE-43CA-BC95-6D70A248DA06}.Debug|Any CPU.Build.0 = Debug|Any CPU
		{CC74CECF-C3EE-43CA-BC95-6D70A248DA06}.Debug|x64.ActiveCfg = Debug|Any CPU
		{CC74CECF-C3EE-43CA-BC95-6D70A248DA06}.Debug|x64.Build.0 = Debug|Any CPU
		{CC74CECF-C3EE-43CA-BC95-6D70A248DA06}.Debug|x86.ActiveCfg = Debug|Any CPU
		{CC74CECF-C3EE-43CA-BC95-6D70A248DA06}.Debug|x86.Build.0 = Debug|Any CPU
		{CC74CECF-C3EE-43CA-BC95-6D70A248DA06}.Release|Any CPU.ActiveCfg = Release|Any CPU
		{CC74CECF-C3EE-43CA-BC95-6D70A248DA06}.Release|Any CPU.Build.0 = Release|Any CPU
		{CC74CECF-C3EE-43CA-BC95-6D70A248DA06}.Release|x64.ActiveCfg = Release|Any CPU
		{CC74CECF-C3EE-43CA-BC95-6D70A248DA06}.Release|x64.Build.0 = Release|Any CPU
		{CC74CECF-C3EE-43CA-BC95-6D70A248DA06}.Release|x86.ActiveCfg = Release|Any CPU
		{CC74CECF-C3EE-43CA-BC95-6D70A248DA06}.Release|x86.Build.0 = Release|Any CPU
		{F87CE9AD-907E-4BAC-9024-664F2CF2E1A8}.Debug|Any CPU.ActiveCfg = Debug|Any CPU
		{F87CE9AD-907E-4BAC-9024-664F2CF2E1A8}.Debug|Any CPU.Build.0 = Debug|Any CPU
		{F87CE9AD-907E-4BAC-9024-664F2CF2E1A8}.Debug|x64.ActiveCfg = Debug|Any CPU
		{F87CE9AD-907E-4BAC-9024-664F2CF2E1A8}.Debug|x64.Build.0 = Debug|Any CPU
		{F87CE9AD-907E-4BAC-9024-664F2CF2E1A8}.Debug|x86.ActiveCfg = Debug|Any CPU
		{F87CE9AD-907E-4BAC-9024-664F2CF2E1A8}.Debug|x86.Build.0 = Debug|Any CPU
		{F87CE9AD-907E-4BAC-9024-664F2CF2E1A8}.Release|Any CPU.ActiveCfg = Release|Any CPU
		{F87CE9AD-907E-4BAC-9024-664F2CF2E1A8}.Release|Any CPU.Build.0 = Release|Any CPU
		{F87CE9AD-907E-4BAC-9024-664F2CF2E1A8}.Release|x64.ActiveCfg = Release|Any CPU
		{F87CE9AD-907E-4BAC-9024-664F2CF2E1A8}.Release|x64.Build.0 = Release|Any CPU
		{F87CE9AD-907E-4BAC-9024-664F2CF2E1A8}.Release|x86.ActiveCfg = Release|Any CPU
		{F87CE9AD-907E-4BAC-9024-664F2CF2E1A8}.Release|x86.Build.0 = Release|Any CPU
		{5090CA53-2DB7-4AA8-8544-E1EAA53B61D1}.Debug|Any CPU.ActiveCfg = Debug|Any CPU
		{5090CA53-2DB7-4AA8-8544-E1EAA53B61D1}.Debug|Any CPU.Build.0 = Debug|Any CPU
		{5090CA53-2DB7-4AA8-8544-E1EAA53B61D1}.Debug|x64.ActiveCfg = Debug|Any CPU
		{5090CA53-2DB7-4AA8-8544-E1EAA53B61D1}.Debug|x64.Build.0 = Debug|Any CPU
		{5090CA53-2DB7-4AA8-8544-E1EAA53B61D1}.Debug|x86.ActiveCfg = Debug|Any CPU
		{5090CA53-2DB7-4AA8-8544-E1EAA53B61D1}.Debug|x86.Build.0 = Debug|Any CPU
		{5090CA53-2DB7-4AA8-8544-E1EAA53B61D1}.Release|Any CPU.ActiveCfg = Release|Any CPU
		{5090CA53-2DB7-4AA8-8544-E1EAA53B61D1}.Release|Any CPU.Build.0 = Release|Any CPU
		{5090CA53-2DB7-4AA8-8544-E1EAA53B61D1}.Release|x64.ActiveCfg = Release|Any CPU
		{5090CA53-2DB7-4AA8-8544-E1EAA53B61D1}.Release|x64.Build.0 = Release|Any CPU
		{5090CA53-2DB7-4AA8-8544-E1EAA53B61D1}.Release|x86.ActiveCfg = Release|Any CPU
		{5090CA53-2DB7-4AA8-8544-E1EAA53B61D1}.Release|x86.Build.0 = Release|Any CPU
		{B2C73FE6-A96D-46BD-A870-C079D6477FA8}.Debug|Any CPU.ActiveCfg = Debug|Any CPU
		{B2C73FE6-A96D-46BD-A870-C079D6477FA8}.Debug|Any CPU.Build.0 = Debug|Any CPU
		{B2C73FE6-A96D-46BD-A870-C079D6477FA8}.Debug|x64.ActiveCfg = Debug|Any CPU
		{B2C73FE6-A96D-46BD-A870-C079D6477FA8}.Debug|x64.Build.0 = Debug|Any CPU
		{B2C73FE6-A96D-46BD-A870-C079D6477FA8}.Debug|x86.ActiveCfg = Debug|Any CPU
		{B2C73FE6-A96D-46BD-A870-C079D6477FA8}.Debug|x86.Build.0 = Debug|Any CPU
		{B2C73FE6-A96D-46BD-A870-C079D6477FA8}.Release|Any CPU.ActiveCfg = Release|Any CPU
		{B2C73FE6-A96D-46BD-A870-C079D6477FA8}.Release|Any CPU.Build.0 = Release|Any CPU
		{B2C73FE6-A96D-46BD-A870-C079D6477FA8}.Release|x64.ActiveCfg = Release|Any CPU
		{B2C73FE6-A96D-46BD-A870-C079D6477FA8}.Release|x64.Build.0 = Release|Any CPU
		{B2C73FE6-A96D-46BD-A870-C079D6477FA8}.Release|x86.ActiveCfg = Release|Any CPU
		{B2C73FE6-A96D-46BD-A870-C079D6477FA8}.Release|x86.Build.0 = Release|Any CPU
	EndGlobalSection
	GlobalSection(SolutionProperties) = preSolution
		HideSolutionNode = FALSE
	EndGlobalSection
	GlobalSection(NestedProjects) = preSolution
		{984BB9B3-3FA3-BE33-9484-CAC21695A33C} = {827E0CD3-B72D-47B6-A68D-7590B98EB39B}
		{1BFC9479-12BF-35C3-06B8-42D89D95092B} = {984BB9B3-3FA3-BE33-9484-CAC21695A33C}
		{A058E567-BD35-4FE4-B7D9-EE8420AE7F17} = {1BFC9479-12BF-35C3-06B8-42D89D95092B}
		{4D3662DB-A3FE-4662-A6B8-2936476E16C8} = {1BFC9479-12BF-35C3-06B8-42D89D95092B}
		{8C6D1465-9584-4735-B57B-EFCD603D41E6} = {1BFC9479-12BF-35C3-06B8-42D89D95092B}
		{CC74CECF-C3EE-43CA-BC95-6D70A248DA06} = {1BFC9479-12BF-35C3-06B8-42D89D95092B}
		{613E942C-7C9C-5766-673B-EDDCEA89CDF9} = {827E0CD3-B72D-47B6-A68D-7590B98EB39B}
		{F87CE9AD-907E-4BAC-9024-664F2CF2E1A8} = {613E942C-7C9C-5766-673B-EDDCEA89CDF9}
		{4353066B-F410-E540-F593-55E469B78A5F} = {0AB3BF05-4346-4AA6-1389-037BE0695223}
		{66BB64B5-78AA-A264-1B79-3FC42D2485EB} = {4353066B-F410-E540-F593-55E469B78A5F}
		{5090CA53-2DB7-4AA8-8544-E1EAA53B61D1} = {66BB64B5-78AA-A264-1B79-3FC42D2485EB}
		{B2C73FE6-A96D-46BD-A870-C079D6477FA8} = {66BB64B5-78AA-A264-1B79-3FC42D2485EB}
	EndGlobalSection
EndGlobal
